Microsoft Visual Studio Solution File, Format Version 12.00
# Visual Studio 2012
Project("{FAE04EC0-301F-11D3-BF4B-00C04F79EFBC}") = "wave_shoot", "wave_shoot.csproj", "{36286691-26A3-4D8A-8DCC-E87AF4265126}"
EndProject
Global
	GlobalSection(SolutionConfigurationPlatforms) = preSolution
	Debug|Any CPU = Debug|Any CPU
	ExportDebug|Any CPU = ExportDebug|Any CPU
	ExportRelease|Any CPU = ExportRelease|Any CPU
	EndGlobalSection
	GlobalSection(ProjectConfigurationPlatforms) = postSolution
		{36286691-26A3-4D8A-8DCC-E87AF4265126}.Debug|Any CPU.ActiveCfg = Debug|Any CPU
		{36286691-26A3-4D8A-8DCC-E87AF4265126}.Debug|Any CPU.Build.0 = Debug|Any CPU
		{36286691-26A3-4D8A-8DCC-E87AF4265126}.ExportDebug|Any CPU.ActiveCfg = ExportDebug|Any CPU
		{36286691-26A3-4D8A-8DCC-E87AF4265126}.ExportDebug|Any CPU.Build.0 = ExportDebug|Any CPU
		{36286691-26A3-4D8A-8DCC-E87AF4265126}.ExportRelease|Any CPU.ActiveCfg = ExportRelease|Any CPU
		{36286691-26A3-4D8A-8DCC-E87AF4265126}.ExportRelease|Any CPU.Build.0 = ExportRelease|Any CPU
	EndGlobalSection
EndGlobal
